
Microsoft Visual Studio Solution File, Format Version 12.00
# Visual Studio Version 17
VisualStudioVersion = 17.11.35327.3
MinimumVisualStudioVersion = 10.0.40219.1
Project("{FAE04EC0-301F-11D3-BF4B-00C04F79EFBC}") = "MipsAPI", "MipsAPI\MipsAPI.csproj", "{2AB8C8E6-BD4E-4E64-BAC1-52E57A2B4925}"
EndProject
Global
	GlobalSection(SolutionConfigurationPlatforms) = preSolution
		Debug|Any CPU = Debug|Any CPU
		Release|Any CPU = Release|Any CPU
	EndGlobalSection
	GlobalSection(ProjectConfigurationPlatforms) = postSolution
		{2AB8C8E6-BD4E-4E64-BAC1-52E57A2B4925}.Debug|Any CPU.ActiveCfg = Debug|Any CPU
		{2AB8C8E6-BD4E-4E64-BAC1-52E57A2B4925}.Debug|Any CPU.Build.0 = Debug|Any CPU
		{2AB8C8E6-BD4E-4E64-BAC1-52E57A2B4925}.Release|Any CPU.ActiveCfg = Release|Any CPU
		{2AB8C8E6-BD4E-4E64-BAC1-52E57A2B4925}.Release|Any CPU.Build.0 = Release|Any CPU
	EndGlobalSection
	GlobalSection(SolutionProperties) = preSolution
		HideSolutionNode = FALSE
	EndGlobalSection
	GlobalSection(ExtensibilityGlobals) = postSolution
		SolutionGuid = {339C6564-47F1-453C-A976-798DC0F66434}
	EndGlobalSection
EndGlobal
